// !$*UTF8*$!
{
	archiveVersion = 1;
	classes = {
	};
	objectVersion = 46;
	objects = {

/* Begin PBXBuildFile section */
		142283C41DF93A1000B6CB38 /* MemeCollectionViewCell.swift in Sources */ = {isa = PBXBuildFile; fileRef = 142283C31DF93A0F00B6CB38 /* MemeCollectionViewCell.swift */; };
		7EC8EF5B1DF6FBD900676092 /* AppDelegate.swift in Sources */ = {isa = PBXBuildFile; fileRef = 7EC8EF5A1DF6FBD900676092 /* AppDelegate.swift */; };
		7EC8EF621DF6FBD900676092 /* Main.storyboard in Resources */ = {isa = PBXBuildFile; fileRef = 7EC8EF601DF6FBD900676092 /* Main.storyboard */; };
		7EC8EF641DF6FBD900676092 /* Assets.xcassets in Resources */ = {isa = PBXBuildFile; fileRef = 7EC8EF631DF6FBD900676092 /* Assets.xcassets */; };
		7EC8EF671DF6FBD900676092 /* LaunchScreen.storyboard in Resources */ = {isa = PBXBuildFile; fileRef = 7EC8EF651DF6FBD900676092 /* LaunchScreen.storyboard */; };
		7EC8EF701DF7000400676092 /* EditMemeViewController.swift in Sources */ = {isa = PBXBuildFile; fileRef = 7EC8EF6E1DF7000400676092 /* EditMemeViewController.swift */; };
		7EC8EF711DF7000400676092 /* MemeModel.swift in Sources */ = {isa = PBXBuildFile; fileRef = 7EC8EF6F1DF7000400676092 /* MemeModel.swift */; };
		7EC8EF771DF7289D00676092 /* MemeDetailViewController.swift in Sources */ = {isa = PBXBuildFile; fileRef = 7EC8EF761DF7289D00676092 /* MemeDetailViewController.swift */; };
		7EC8EF791DF733C300676092 /* MemeTableViewController.swift in Sources */ = {isa = PBXBuildFile; fileRef = 7EC8EF781DF733C300676092 /* MemeTableViewController.swift */; };
		7EC8EF7B1DF733E600676092 /* MemeCollectionViewController.swift in Sources */ = {isa = PBXBuildFile; fileRef = 7EC8EF7A1DF733E600676092 /* MemeCollectionViewController.swift */; };
/* End PBXBuildFile section */

/* Begin PBXFileReference section */
		142283C31DF93A0F00B6CB38 /* MemeCollectionViewCell.swift */ = {isa = PBXFileReference; fileEncoding = 4; lastKnownFileType = sourcecode.swift; path = MemeCollectionViewCell.swift; sourceTree = "<group>"; };
		7EC8EF571DF6FBD900676092 /* MeMe V2.0.app */ = {isa = PBXFileReference; explicitFileType = wrapper.application; includeInIndex = 0; path = "MeMe V2.0.app"; sourceTree = BUILT_PRODUCTS_DIR; };
		7EC8EF5A1DF6FBD900676092 /* AppDelegate.swift */ = {isa = PBXFileReference; lastKnownFileType = sourcecode.swift; path = AppDelegate.swift; sourceTree = "<group>"; };
		7EC8EF611DF6FBD900676092 /* Base */ = {isa = PBXFileReference; lastKnownFileType = file.storyboard; name = Base; path = Base.lproj/Main.storyboard; sourceTree = "<group>"; };
		7EC8EF631DF6FBD900676092 /* Assets.xcassets */ = {isa = PBXFileReference; lastKnownFileType = folder.assetcatalog; path = Assets.xcassets; sourceTree = "<group>"; };
		7EC8EF661DF6FBD900676092 /* Base */ = {isa = PBXFileReference; lastKnownFileType = file.storyboard; name = Base; path = Base.lproj/LaunchScreen.storyboard; sourceTree = "<group>"; };
		7EC8EF681DF6FBD900676092 /* Info.plist */ = {isa = PBXFileReference; lastKnownFileType = text.plist.xml; path = Info.plist; sourceTree = "<group>"; };
		7EC8EF6E1DF7000400676092 /* EditMemeViewController.swift */ = {isa = PBXFileReference; fileEncoding = 4; lastKnownFileType = sourcecode.swift; path = EditMemeViewController.swift; sourceTree = "<group>"; };
		7EC8EF6F1DF7000400676092 /* MemeModel.swift */ = {isa = PBXFileReference; fileEncoding = 4; lastKnownFileType = sourcecode.swift; path = MemeModel.swift; sourceTree = "<group>"; };
		7EC8EF761DF7289D00676092 /* MemeDetailViewController.swift */ = {isa = PBXFileReference; fileEncoding = 4; lastKnownFileType = sourcecode.swift; path = MemeDetailViewController.swift; sourceTree = "<group>"; };
		7EC8EF781DF733C300676092 /* MemeTableViewController.swift */ = {isa = PBXFileReference; fileEncoding = 4; lastKnownFileType = sourcecode.swift; path = MemeTableViewController.swift; sourceTree = "<group>"; };
		7EC8EF7A1DF733E600676092 /* MemeCollectionViewController.swift */ = {isa = PBXFileReference; fileEncoding = 4; lastKnownFileType = sourcecode.swift; path = MemeCollectionViewController.swift; sourceTree = "<group>"; };
/* End PBXFileReference section */

/* Begin PBXFrameworksBuildPhase section */
		7EC8EF541DF6FBD900676092 /* Frameworks */ = {
			isa = PBXFrameworksBuildPhase;
			buildActionMask = 2147483647;
			files = (
			);
			runOnlyForDeploymentPostprocessing = 0;
		};
/* End PBXFrameworksBuildPhase section */

/* Begin PBXGroup section */
		142283C21DF939EE00B6CB38 /* View */ = {
			isa = PBXGroup;
			children = (
				142283C31DF93A0F00B6CB38 /* MemeCollectionViewCell.swift */,
			);
			name = View;
			sourceTree = "<group>";
		};
		7EC8EF4E1DF6FBD900676092 = {
			isa = PBXGroup;
			children = (
				7EC8EF591DF6FBD900676092 /* MeMe V2.0 */,
				7EC8EF581DF6FBD900676092 /* Products */,
			);
			sourceTree = "<group>";
		};
		7EC8EF581DF6FBD900676092 /* Products */ = {
			isa = PBXGroup;
			children = (
				7EC8EF571DF6FBD900676092 /* MeMe V2.0.app */,
			);
			name = Products;
			sourceTree = "<group>";
		};
		7EC8EF591DF6FBD900676092 /* MeMe V2.0 */ = {
			isa = PBXGroup;
			children = (
				142283C21DF939EE00B6CB38 /* View */,
				7EC8EF731DF71D5300676092 /* ViewControllers */,
				7EC8EF721DF71D2000676092 /* Model */,
				7EC8EF5A1DF6FBD900676092 /* AppDelegate.swift */,
				7EC8EF601DF6FBD900676092 /* Main.storyboard */,
				7EC8EF631DF6FBD900676092 /* Assets.xcassets */,
				7EC8EF651DF6FBD900676092 /* LaunchScreen.storyboard */,
				7EC8EF681DF6FBD900676092 /* Info.plist */,
			);
			path = "MeMe V2.0";
			sourceTree = "<group>";
		};
		7EC8EF721DF71D2000676092 /* Model */ = {
			isa = PBXGroup;
			children = (
				7EC8EF6F1DF7000400676092 /* MemeModel.swift */,
			);
			name = Model;
			sourceTree = "<group>";
		};
		7EC8EF731DF71D5300676092 /* ViewControllers */ = {
			isa = PBXGroup;
			children = (
				7EC8EF6E1DF7000400676092 /* EditMemeViewController.swift */,
				7EC8EF761DF7289D00676092 /* MemeDetailViewController.swift */,
				7EC8EF781DF733C300676092 /* MemeTableViewController.swift */,
				7EC8EF7A1DF733E600676092 /* MemeCollectionViewController.swift */,
			);
			name = ViewControllers;
			sourceTree = "<group>";
		};
/* End PBXGroup section */

/* Begin PBXNativeTarget section */
		7EC8EF561DF6FBD900676092 /* MeMe V2.0 */ = {
			isa = PBXNativeTarget;
			buildConfigurationList = 7EC8EF6B1DF6FBD900676092 /* Build configuration list for PBXNativeTarget "MeMe V2.0" */;
			buildPhases = (
				7EC8EF531DF6FBD900676092 /* Sources */,
				7EC8EF541DF6FBD900676092 /* Frameworks */,
				7EC8EF551DF6FBD900676092 /* Resources */,
			);
			buildRules = (
			);
			dependencies = (
			);
			name = "MeMe V2.0";
			productName = "MeMe V2.0";
			productReference = 7EC8EF571DF6FBD900676092 /* MeMe V2.0.app */;
			productType = "com.apple.product-type.application";
		};
/* End PBXNativeTarget section */

/* Begin PBXProject section */
		7EC8EF4F1DF6FBD900676092 /* Project object */ = {
			isa = PBXProject;
			attributes = {
				LastSwiftUpdateCheck = 0800;
				LastUpgradeCheck = 0800;
				ORGANIZATIONNAME = "Rakesh Kumar";
				TargetAttributes = {
					7EC8EF561DF6FBD900676092 = {
						CreatedOnToolsVersion = 8.0;
						ProvisioningStyle = Automatic;
					};
				};
			};
			buildConfigurationList = 7EC8EF521DF6FBD900676092 /* Build configuration list for PBXProject "MeMe V2.0" */;
			compatibilityVersion = "Xcode 3.2";
			developmentRegion = English;
			hasScannedForEncodings = 0;
			knownRegions = (
				en,
				Base,
			);
			mainGroup = 7EC8EF4E1DF6FBD900676092;
			productRefGroup = 7EC8EF581DF6FBD900676092 /* Products */;
			projectDirPath = "";
			projectRoot = "";
			targets = (
				7EC8EF561DF6FBD900676092 /* MeMe V2.0 */,
			);
		};
/* End PBXProject section */

/* Begin PBXResourcesBuildPhase section */
		7EC8EF551DF6FBD900676092 /* Resources */ = {
			isa = PBXResourcesBuildPhase;
			buildActionMask = 2147483647;
			files = (
				7EC8EF671DF6FBD900676092 /* LaunchScreen.storyboard in Resources */,
				7EC8EF641DF6FBD900676092 /* Assets.xcassets in Resources */,
				7EC8EF621DF6FBD900676092 /* Main.storyboard in Resources */,
			);
			runOnlyForDeploymentPostprocessing = 0;
		};
/* End PBXResourcesBuildPhase section */

/* Begin PBXSourcesBuildPhase section */
		7EC8EF531DF6FBD900676092 /* Sources */ = {
			isa = PBXSourcesBuildPhase;
			buildActionMask = 2147483647;
			files = (
				7EC8EF701DF7000400676092 /* EditMemeViewController.swift in Sources */,
				7EC8EF711DF7000400676092 /* MemeModel.swift in Sources */,
				7EC8EF5B1DF6FBD900676092 /* AppDelegate.swift in Sources */,
				7EC8EF791DF733C300676092 /* MemeTableViewController.swift in Sources */,
				142283C41DF93A1000B6CB38 /* MemeCollectionViewCell.swift in Sources */,
				7EC8EF7B1DF733E600676092 /* MemeCollectionViewController.swift in Sources */,
				7EC8EF771DF7289D00676092 /* MemeDetailViewController.swift in Sources */,
			);
			runOnlyForDeploymentPostprocessing = 0;
		};
/* End PBXSourcesBuildPhase section */

/* Begin PBXVariantGroup section */
		7EC8EF601DF6FBD900676092 /* Main.storyboard */ = {
			isa = PBXVariantGroup;
			children = (
				7EC8EF611DF6FBD900676092 /* Base */,
			);
			name = Main.storyboard;
			sourceTree = "<group>";
		};
		7EC8EF651DF6FBD900676092 /* LaunchScreen.storyboard */ = {
			isa = PBXVariantGroup;
			children = (
				7EC8EF661DF6FBD900676092 /* Base */,
			);
			name = LaunchScreen.storyboard;
			sourceTree = "<group>";
		};
/* End PBXVariantGroup section */

/* Begin XCBuildConfiguration section */
		7EC8EF691DF6FBD900676092 /* Debug */ = {
			isa = XCBuildConfiguration;
			buildSettings = {
				ALWAYS_SEARCH_USER_PATHS = NO;
				CLANG_ANALYZER_NONNULL = YES;
				CLANG_CXX_LANGUAGE_STANDARD = "gnu++0x";
				CLANG_CXX_LIBRARY = "libc++";
				CLANG_ENABLE_MODULES = YES;
				CLANG_ENABLE_OBJC_ARC = YES;
				CLANG_WARN_BOOL_CONVERSION = YES;
				CLANG_WARN_CONSTANT_CONVERSION = YES;
				CLANG_WARN_DIRECT_OBJC_ISA_USAGE = YES_ERROR;
				CLANG_WARN_DOCUMENTATION_COMMENTS = YES;
				CLANG_WARN_EMPTY_BODY = YES;
				CLANG_WARN_ENUM_CONVERSION = YES;
				CLANG_WARN_INFINITE_RECURSION = YES;
				CLANG_WARN_INT_CONVERSION = YES;
				CLANG_WARN_OBJC_ROOT_CLASS = YES_ERROR;
				CLANG_WARN_SUSPICIOUS_MOVES = YES;
				CLANG_WARN_UNREACHABLE_CODE = YES;
				CLANG_WARN__DUPLICATE_METHOD_MATCH = YES;
				"CODE_SIGN_IDENTITY[sdk=iphoneos*]" = "iPhone Developer";
				COPY_PHASE_STRIP = NO;
				DEBUG_INFORMATION_FORMAT = dwarf;
				ENABLE_STRICT_OBJC_MSGSEND = YES;
				ENABLE_TESTABILITY = YES;
				GCC_C_LANGUAGE_STANDARD = gnu99;
				GCC_DYNAMIC_NO_PIC = NO;
				GCC_NO_COMMON_BLOCKS = YES;
				GCC_OPTIMIZATION_LEVEL = 0;
				GCC_PREPROCESSOR_DEFINITIONS = (
					"DEBUG=1",
					"$(inherited)",
				);
				GCC_WARN_64_TO_32_BIT_CONVERSION = YES;
				GCC_WARN_ABOUT_RETURN_TYPE = YES_ERROR;
				GCC_WARN_UNDECLARED_SELECTOR = YES;
				GCC_WARN_UNINITIALIZED_AUTOS = YES_AGGRESSIVE;
				GCC_WARN_UNUSED_FUNCTION = YES;
				GCC_WARN_UNUSED_VARIABLE = YES;
				IPHONEOS_DEPLOYMENT_TARGET = 10.0;
				MTL_ENABLE_DEBUG_INFO = YES;
				ONLY_ACTIVE_ARCH = YES;
				SDKROOT = iphoneos;
				SWIFT_ACTIVE_COMPILATION_CONDITIONS = DEBUG;
				SWIFT_OPTIMIZATION_LEVEL = "-Onone";
				TARGETED_DEVICE_FAMILY = "1,2";
			};
			name = Debug;
		};
		7EC8EF6A1DF6FBD900676092 /* Release */ = {
			isa = XCBuildConfiguration;
			buildSettings = {
				ALWAYS_SEARCH_USER_PATHS = NO;
				CLANG_ANALYZER_NONNULL = YES;
				CLANG_CXX_LANGUAGE_STANDARD = "gnu++0x";
				CLANG_CXX_LIBRARY = "libc++";
				CLANG_ENABLE_MODULES = YES;
				CLANG_ENABLE_OBJC_ARC = YES;
				CLANG_WARN_BOOL_CONVERSION = YES;
				CLANG_WARN_CONSTANT_CONVERSION = YES;
				CLANG_WARN_DIRECT_OBJC_ISA_USAGE = YES_ERROR;
				CLANG_WARN_DOCUMENTATION_COMMENTS = YES;
				CLANG_WARN_EMPTY_BODY = YES;
				CLANG_WARN_ENUM_CONVERSION = YES;
				CLANG_WARN_INFINITE_RECURSION = YES;
				CLANG_WARN_INT_CONVERSION = YES;
				CLANG_WARN_OBJC_ROOT_CLASS = YES_ERROR;
				CLANG_WARN_SUSPICIOUS_MOVES = YES;
				CLANG_WARN_UNREACHABLE_CODE = YES;
				CLANG_WARN__DUPLICATE_METHOD_MATCH = YES;
				"CODE_SIGN_IDENTITY[sdk=iphoneos*]" = "iPhone Developer";
				COPY_PHASE_STRIP = NO;
				DEBUG_INFORMATION_FORMAT = "dwarf-with-dsym";
				ENABLE_NS_ASSERTIONS = NO;
				ENABLE_STRICT_OBJC_MSGSEND = YES;
				GCC_C_LANGUAGE_STANDARD = gnu99;
				GCC_NO_COMMON_BLOCKS = YES;
				GCC_WARN_64_TO_32_BIT_CONVERSION = YES;
				GCC_WARN_ABOUT_RETURN_TYPE = YES_ERROR;
				GCC_WARN_UNDECLARED_SELECTOR = YES;
				GCC_WARN_UNINITIALIZED_AUTOS = YES_AGGRESSIVE;
				GCC_WARN_UNUSED_FUNCTION = YES;
				GCC_WARN_UNUSED_VARIABLE = YES;
				IPHONEOS_DEPLOYMENT_TARGET = 10.0;
				MTL_ENABLE_DEBUG_INFO = NO;
				SDKROOT = iphoneos;
				SWIFT_OPTIMIZATION_LEVEL = "-Owholemodule";
				TARGETED_DEVICE_FAMILY = "1,2";
				VALIDATE_PRODUCT = YES;
			};
			name = Release;
		};
		7EC8EF6C1DF6FBD900676092 /* Debug */ = {
			isa = XCBuildConfiguration;
			buildSettings = {
				ASSETCATALOG_COMPILER_APPICON_NAME = AppIcon;
				INFOPLIST_FILE = "MeMe V2.0/Info.plist";
				LD_RUNPATH_SEARCH_PATHS = "$(inherited) @executable_path/Frameworks";
				PRODUCT_BUNDLE_IDENTIFIER = "com.rakesh.MeMe-V2-0";
				PRODUCT_NAME = "$(TARGET_NAME)";
				SWIFT_VERSION = 3.0;
			};
			name = Debug;
		};
		7EC8EF6D1DF6FBD900676092 /* Release */ = {
			isa = XCBuildConfiguration;
			buildSettings = {
				ASSETCATALOG_COMPILER_APPICON_NAME = AppIcon;
				INFOPLIST_FILE = "MeMe V2.0/Info.plist";
				LD_RUNPATH_SEARCH_PATHS = "$(inherited) @executable_path/Frameworks";
				PRODUCT_BUNDLE_IDENTIFIER = "com.rakesh.MeMe-V2-0";
				PRODUCT_NAME = "$(TARGET_NAME)";
				SWIFT_VERSION = 3.0;
			};
			name = Release;
		};
/* End XCBuildConfiguration section */

/* Begin XCConfigurationList section */
		7EC8EF521DF6FBD900676092 /* Build configuration list for PBXProject "MeMe V2.0" */ = {
			isa = XCConfigurationList;
			buildConfigurations = (
				7EC8EF691DF6FBD900676092 /* Debug */,
				7EC8EF6A1DF6FBD900676092 /* Release */,
			);
			defaultConfigurationIsVisible = 0;
			defaultConfigurationName = Release;
		};
		7EC8EF6B1DF6FBD900676092 /* Build configuration list for PBXNativeTarget "MeMe V2.0" */ = {
			isa = XCConfigurationList;
			buildConfigurations = (
				7EC8EF6C1DF6FBD900676092 /* Debug */,
				7EC8EF6D1DF6FBD900676092 /* Release */,
			);
			defaultConfigurationIsVisible = 0;
			defaultConfigurationName = Release;
		};
/* End XCConfigurationList section */
	};
	rootObject = 7EC8EF4F1DF6FBD900676092 /* Project object */;
}
